<?xml version="1.0" encoding="utf-8"?>
<Project ToolsVersion="4.0" xmlns="http://schemas.microsoft.com/developer/msbuild/2003">
  <ItemGroup>
    <Filter Include="GameFramework2D">
      <UniqueIdentifier>{9f3ec04a-fea0-44d8-a86e-629feec5b7b2}</UniqueIdentifier>
    </Filter>
    <Filter Include="WinMain">
      <UniqueIdentifier>{ce3a7470-9981-48e7-92f9-ebef140444f8}</UniqueIdentifier>
    </Filter>
    <Filter Include="MainGame">
      <UniqueIdentifier>{ce5b6d22-f989-4f22-81fd-803eae8974cd}</UniqueIdentifier>
    </Filter>
    <Filter Include="MainGame\GameNode">
      <UniqueIdentifier>{e20d0b3f-3940-445e-a65d-2ffe13bcc8b0}</UniqueIdentifier>
    </Filter>
    <Filter Include="GameFramework2D\유틸">
      <UniqueIdentifier>{af879b23-70ee-42d9-9d44-350faa3d6f52}</UniqueIdentifier>
    </Filter>
    <Filter Include="GameFramework2D\매니져">
      <UniqueIdentifier>{17f7c3ea-b2ec-4227-8115-b8ad353939d8}</UniqueIdentifier>
    </Filter>
    <Filter Include="GameFramework2D\이미지">
      <UniqueIdentifier>{d16fac69-192e-4230-a05f-483426615aba}</UniqueIdentifier>
    </Filter>
    <Filter Include="MainGame\카메라">
      <UniqueIdentifier>{bcfe248e-2dfd-4675-aa8a-3d00422b6ad5}</UniqueIdentifier>
    </Filter>
    <Filter Include="MainGame\0.강현">
      <UniqueIdentifier>{1f108355-b191-4240-92eb-db3d2e281137}</UniqueIdentifier>
    </Filter>
    <Filter Include="MainGame\2.재혁">
      <UniqueIdentifier>{60cf2793-4415-4a2a-a701-ce9c04771729}</UniqueIdentifier>
    </Filter>
    <Filter Include="MainGame\3.형준">
      <UniqueIdentifier>{9fc6d601-b126-4e50-955d-4367a3a7ea5f}</UniqueIdentifier>
    </Filter>
    <Filter Include="GameFramework2D\체력바">
      <UniqueIdentifier>{29a1a1ad-0d87-4fb8-a6ad-03d263e7f949}</UniqueIdentifier>
    </Filter>
    <Filter Include="GameFramework2D\INI데이터">
      <UniqueIdentifier>{12cc85fd-24bc-49e4-a402-17a53faa8122}</UniqueIdentifier>
    </Filter>
    <Filter Include="GameFramework2D\로딩">
      <UniqueIdentifier>{1e3f18f2-42de-49eb-bed2-5f6eaea6cd30}</UniqueIdentifier>
    </Filter>
    <Filter Include="MainGame\2.재혁\User_Skill">
      <UniqueIdentifier>{e356f986-bdb1-4da6-ae48-c2604d91f875}</UniqueIdentifier>
    </Filter>
  </ItemGroup>
  <ItemGroup>
    <ClInclude Include="stdafx.h">
      <Filter>MainGame</Filter>
    </ClInclude>
    <ClInclude Include="commonMacroFunction.h">
      <Filter>GameFramework2D\유틸</Filter>
    </ClInclude>
    <ClInclude Include="gameNode.h">
      <Filter>MainGame\GameNode</Filter>
    </ClInclude>
    <ClInclude Include="mainGame.h">
      <Filter>MainGame</Filter>
    </ClInclude>
    <ClInclude Include="singletonBase.h">
      <Filter>GameFramework2D\매니져</Filter>
    </ClInclude>
    <ClInclude Include="keyManager.h">
      <Filter>GameFramework2D\매니져</Filter>
    </ClInclude>
    <ClInclude Include="randomFunction.h">
      <Filter>GameFramework2D\유틸</Filter>
    </ClInclude>
    <ClInclude Include="image.h">
      <Filter>GameFramework2D\이미지</Filter>
    </ClInclude>
    <ClInclude Include="imageManager.h">
      <Filter>GameFramework2D\매니져</Filter>
    </ClInclude>
    <ClInclude Include="cam.h">
      <Filter>MainGame\카메라</Filter>
    </ClInclude>
    <ClInclude Include="util.h">
      <Filter>GameFramework2D\유틸</Filter>
    </ClInclude>
    <ClInclude Include="character.h">
      <Filter>MainGame\0.강현</Filter>
    </ClInclude>
    <ClInclude Include="title.h">
      <Filter>MainGame\2.재혁</Filter>
    </ClInclude>
    <ClInclude Include="lobby.h">
      <Filter>MainGame\2.재혁</Filter>
    </ClInclude>
    <ClInclude Include="shop.h">
      <Filter>MainGame\3.형준</Filter>
    </ClInclude>
    <ClInclude Include="stageMap.h">
      <Filter>MainGame\2.재혁</Filter>
    </ClInclude>
    <ClInclude Include="stage.h">
      <Filter>MainGame\0.강현</Filter>
    </ClInclude>
    <ClInclude Include="tower.h">
      <Filter>MainGame\0.강현</Filter>
    </ClInclude>
    <ClInclude Include="sceneManager.h">
      <Filter>GameFramework2D\매니져</Filter>
    </ClInclude>
    <ClInclude Include="stageInfo.h">
      <Filter>MainGame\0.강현</Filter>
    </ClInclude>
    <ClInclude Include="progressBar.h">
      <Filter>GameFramework2D\체력바</Filter>
    </ClInclude>
    <ClInclude Include="iniData.h">
      <Filter>GameFramework2D\INI데이터</Filter>
    </ClInclude>
    <ClInclude Include="soundManager.h">
      <Filter>GameFramework2D\매니져</Filter>
    </ClInclude>
    <ClInclude Include="loading.h">
      <Filter>GameFramework2D\로딩</Filter>
    </ClInclude>
    <ClInclude Include="loadingScene.h">
      <Filter>MainGame\2.재혁</Filter>
    </ClInclude>
    <ClInclude Include="upgrade.h">
      <Filter>MainGame\3.형준</Filter>
    </ClInclude>
    <ClInclude Include="playerInfo.h">
      <Filter>GameFramework2D</Filter>
    </ClInclude>
    <ClInclude Include="logo.h" />
    <ClInclude Include="userSkill2.h">
      <Filter>MainGame\2.재혁\User_Skill</Filter>
    </ClInclude>
    <ClInclude Include="userSkill3.h">
      <Filter>MainGame\2.재혁\User_Skill</Filter>
    </ClInclude>
    <ClInclude Include="userSkill.h">
      <Filter>MainGame\2.재혁\User_Skill</Filter>
    </ClInclude>
    <ClInclude Include="userSkillCombine.h">
      <Filter>MainGame\2.재혁</Filter>
    </ClInclude>
  </ItemGroup>
  <ItemGroup>
    <ClCompile Include="winMain.cpp">
      <Filter>WinMain</Filter>
    </ClCompile>
    <ClCompile Include="stdafx.cpp">
      <Filter>WinMain</Filter>
    </ClCompile>
    <ClCompile Include="gameNode.cpp">
      <Filter>MainGame\GameNode</Filter>
    </ClCompile>
    <ClCompile Include="mainGame.cpp">
      <Filter>MainGame</Filter>
    </ClCompile>
    <ClCompile Include="keyManager.cpp">
      <Filter>GameFramework2D\매니져</Filter>
    </ClCompile>
    <ClCompile Include="randomFunction.cpp">
      <Filter>GameFramework2D\유틸</Filter>
    </ClCompile>
    <ClCompile Include="image.cpp">
      <Filter>GameFramework2D\이미지</Filter>
    </ClCompile>
    <ClCompile Include="imageManager.cpp">
      <Filter>GameFramework2D\매니져</Filter>
    </ClCompile>
    <ClCompile Include="cam.cpp">
      <Filter>MainGame\카메라</Filter>
    </ClCompile>
    <ClCompile Include="util.cpp">
      <Filter>GameFramework2D\유틸</Filter>
    </ClCompile>
    <ClCompile Include="character.cpp">
      <Filter>MainGame\0.강현</Filter>
    </ClCompile>
    <ClCompile Include="title.cpp">
      <Filter>MainGame\2.재혁</Filter>
    </ClCompile>
    <ClCompile Include="lobby.cpp">
      <Filter>MainGame\2.재혁</Filter>
    </ClCompile>
    <ClCompile Include="upgrade.cpp">
      <Filter>MainGame\3.형준</Filter>
    </ClCompile>
    <ClCompile Include="shop.cpp">
      <Filter>MainGame\3.형준</Filter>
    </ClCompile>
    <ClCompile Include="stageMap.cpp">
      <Filter>MainGame\2.재혁</Filter>
    </ClCompile>
    <ClCompile Include="stage.cpp">
      <Filter>MainGame\0.강현</Filter>
    </ClCompile>
    <ClCompile Include="tower.cpp">
      <Filter>MainGame\0.강현</Filter>
    </ClCompile>
    <ClCompile Include="sceneManager.cpp">
      <Filter>GameFramework2D\매니져</Filter>
    </ClCompile>
    <ClCompile Include="stageInfo.cpp">
      <Filter>MainGame\0.강현</Filter>
    </ClCompile>
    <ClCompile Include="progressBar.cpp">
      <Filter>GameFramework2D\체력바</Filter>
    </ClCompile>
    <ClCompile Include="iniData.cpp">
      <Filter>GameFramework2D\INI데이터</Filter>
    </ClCompile>
    <ClCompile Include="soundManager.cpp">
      <Filter>GameFramework2D\매니져</Filter>
    </ClCompile>
    <ClCompile Include="loading.cpp">
      <Filter>GameFramework2D\로딩</Filter>
    </ClCompile>
    <ClCompile Include="loadingScene.cpp">
      <Filter>MainGame\2.재혁</Filter>
    </ClCompile>
    <ClCompile Include="playerInfo.cpp">
      <Filter>GameFramework2D</Filter>
    </ClCompile>
    <ClCompile Include="logo.cpp" />
    <ClCompile Include="userSkill2.cpp">
      <Filter>MainGame\2.재혁\User_Skill</Filter>
    </ClCompile>
    <ClCompile Include="userSkill3.cpp">
      <Filter>MainGame\2.재혁\User_Skill</Filter>
    </ClCompile>
    <ClCompile Include="userSkill.cpp">
      <Filter>MainGame\2.재혁\User_Skill</Filter>
    </ClCompile>
    <ClCompile Include="userSkillCombine.cpp">
      <Filter>MainGame\2.재혁</Filter>
    </ClCompile>
  </ItemGroup>
</Project>